
Microsoft Visual Studio Solution File, Format Version 12.00
# Visual Studio Version 17
VisualStudioVersion = 17.9.34728.123
MinimumVisualStudioVersion = 10.0.40219.1
Project("{8BC9CEB8-8B4A-11D0-8D11-00A0C91BC942}") = "GenericCFRGameTree", "GenericCFRGameTree\GenericCFRGameTree.vcxproj", "{F03438A2-27D8-44CC-9771-A3B22EEEB40F}"
EndProject
Project("{8BC9CEB8-8B4A-11D0-8D11-00A0C91BC942}") = "CFRGameTree_UnitTests", "CFRGameTree_UnitTests\CFRGameTree_UnitTests.vcxproj", "{240E7F91-D8BF-4DA5-B572-6D35614AF7D9}"
EndProject
Project("{8BC9CEB8-8B4A-11D0-8D11-00A0C91BC942}") = "GenericTreeTest", "GenericTreeTest\GenericTreeTest.vcxproj", "{4D95E2B7-563D-4D88-AD69-769CB1BB26A3}"
EndProject
Global
	GlobalSection(SolutionConfigurationPlatforms) = preSolution
		Debug|x64 = Debug|x64
		Debug|x86 = Debug|x86
		Release|x64 = Release|x64
		Release|x86 = Release|x86
	EndGlobalSection
	GlobalSection(ProjectConfigurationPlatforms) = postSolution
		{F03438A2-27D8-44CC-9771-A3B22EEEB40F}.Debug|x64.ActiveCfg = Debug|x64
		{F03438A2-27D8-44CC-9771-A3B22EEEB40F}.Debug|x64.Build.0 = Debug|x64
		{F03438A2-27D8-44CC-9771-A3B22EEEB40F}.Debug|x86.ActiveCfg = Debug|Win32
		{F03438A2-27D8-44CC-9771-A3B22EEEB40F}.Debug|x86.Build.0 = Debug|Win32
		{F03438A2-27D8-44CC-9771-A3B22EEEB40F}.Release|x64.ActiveCfg = Release|x64
		{F03438A2-27D8-44CC-9771-A3B22EEEB40F}.Release|x64.Build.0 = Release|x64
		{F03438A2-27D8-44CC-9771-A3B22EEEB40F}.Release|x86.ActiveCfg = Release|Win32
		{F03438A2-27D8-44CC-9771-A3B22EEEB40F}.Release|x86.Build.0 = Release|Win32
		{240E7F91-D8BF-4DA5-B572-6D35614AF7D9}.Debug|x64.ActiveCfg = Debug|x64
		{240E7F91-D8BF-4DA5-B572-6D35614AF7D9}.Debug|x64.Build.0 = Debug|x64
		{240E7F91-D8BF-4DA5-B572-6D35614AF7D9}.Debug|x86.ActiveCfg = Debug|Win32
		{240E7F91-D8BF-4DA5-B572-6D35614AF7D9}.Debug|x86.Build.0 = Debug|Win32
		{240E7F91-D8BF-4DA5-B572-6D35614AF7D9}.Release|x64.ActiveCfg = Release|x64
		{240E7F91-D8BF-4DA5-B572-6D35614AF7D9}.Release|x64.Build.0 = Release|x64
		{240E7F91-D8BF-4DA5-B572-6D35614AF7D9}.Release|x86.ActiveCfg = Release|Win32
		{240E7F91-D8BF-4DA5-B572-6D35614AF7D9}.Release|x86.Build.0 = Release|Win32
		{4D95E2B7-563D-4D88-AD69-769CB1BB26A3}.Debug|x64.ActiveCfg = Debug|x64
		{4D95E2B7-563D-4D88-AD69-769CB1BB26A3}.Debug|x64.Build.0 = Debug|x64
		{4D95E2B7-563D-4D88-AD69-769CB1BB26A3}.Debug|x86.ActiveCfg = Debug|Win32
		{4D95E2B7-563D-4D88-AD69-769CB1BB26A3}.Debug|x86.Build.0 = Debug|Win32
		{4D95E2B7-563D-4D88-AD69-769CB1BB26A3}.Release|x64.ActiveCfg = Release|x64
		{4D95E2B7-563D-4D88-AD69-769CB1BB26A3}.Release|x64.Build.0 = Release|x64
		{4D95E2B7-563D-4D88-AD69-769CB1BB26A3}.Release|x86.ActiveCfg = Release|Win32
		{4D95E2B7-563D-4D88-AD69-769CB1BB26A3}.Release|x86.Build.0 = Release|Win32
	EndGlobalSection
	GlobalSection(SolutionProperties) = preSolution
		HideSolutionNode = FALSE
	EndGlobalSection
	GlobalSection(ExtensibilityGlobals) = postSolution
		SolutionGuid = {AAB3C359-F30B-4695-ADA3-86FC74F98B2A}
	EndGlobalSection
EndGlobal
